
Microsoft Visual Studio Solution File, Format Version 12.00
# Visual Studio Version 17
VisualStudioVersion = 17.8.34525.116
MinimumVisualStudioVersion = 10.0.40219.1
Project("{FAE04EC0-301F-11D3-BF4B-00C04F79EFBC}") = "022_Threads_P2_OOP", "022_Threads_P2_OOP\022_Threads_P2_OOP.csproj", "{6799E53C-B8ED-4211-B4E9-7AC97E2CF8EC}"
EndProject
Global
	GlobalSection(SolutionConfigurationPlatforms) = preSolution
		Debug|Any CPU = Debug|Any CPU
		Release|Any CPU = Release|Any CPU
	EndGlobalSection
	GlobalSection(ProjectConfigurationPlatforms) = postSolution
		{6799E53C-B8ED-4211-B4E9-7AC97E2CF8EC}.Debug|Any CPU.ActiveCfg = Debug|Any CPU
		{6799E53C-B8ED-4211-B4E9-7AC97E2CF8EC}.Debug|Any CPU.Build.0 = Debug|Any CPU
		{6799E53C-B8ED-4211-B4E9-7AC97E2CF8EC}.Release|Any CPU.ActiveCfg = Release|Any CPU
		{6799E53C-B8ED-4211-B4E9-7AC97E2CF8EC}.Release|Any CPU.Build.0 = Release|Any CPU
	EndGlobalSection
	GlobalSection(SolutionProperties) = preSolution
		HideSolutionNode = FALSE
	EndGlobalSection
	GlobalSection(ExtensibilityGlobals) = postSolution
		SolutionGuid = {17D5195F-67A6-43C2-8F0C-1AF0DF0FDFD2}
	EndGlobalSection
EndGlobal
