
Microsoft Visual Studio Solution File, Format Version 12.00
# Visual Studio Version 17
VisualStudioVersion = 17.8.34408.163
MinimumVisualStudioVersion = 10.0.40219.1
Project("{FAE04EC0-301F-11D3-BF4B-00C04F79EFBC}") = "019_WPF_P6_RadioButton", "019_WPF_P6_RadioButton\019_WPF_P6_RadioButton.csproj", "{6AA3A688-753E-482E-8274-4AF6E4E86FBE}"
EndProject
Global
	GlobalSection(SolutionConfigurationPlatforms) = preSolution
		Debug|Any CPU = Debug|Any CPU
		Release|Any CPU = Release|Any CPU
	EndGlobalSection
	GlobalSection(ProjectConfigurationPlatforms) = postSolution
		{6AA3A688-753E-482E-8274-4AF6E4E86FBE}.Debug|Any CPU.ActiveCfg = Debug|Any CPU
		{6AA3A688-753E-482E-8274-4AF6E4E86FBE}.Debug|Any CPU.Build.0 = Debug|Any CPU
		{6AA3A688-753E-482E-8274-4AF6E4E86FBE}.Release|Any CPU.ActiveCfg = Release|Any CPU
		{6AA3A688-753E-482E-8274-4AF6E4E86FBE}.Release|Any CPU.Build.0 = Release|Any CPU
	EndGlobalSection
	GlobalSection(SolutionProperties) = preSolution
		HideSolutionNode = FALSE
	EndGlobalSection
	GlobalSection(ExtensibilityGlobals) = postSolution
		SolutionGuid = {0EB6A127-8A0A-48CA-BD65-D92BD65E2431}
	EndGlobalSection
EndGlobal
