
Microsoft Visual Studio Solution File, Format Version 12.00
# Visual Studio Version 17
VisualStudioVersion = 17.8.34408.163
MinimumVisualStudioVersion = 10.0.40219.1
Project("{FAE04EC0-301F-11D3-BF4B-00C04F79EFBC}") = "003_Metodos_Parametros_Opcionales", "003_Metodos_Parametros_Opcionales\003_Metodos_Parametros_Opcionales.csproj", "{7A9E73AD-641E-41CE-B4AA-0DE85CE0E98A}"
EndProject
Global
	GlobalSection(SolutionConfigurationPlatforms) = preSolution
		Debug|Any CPU = Debug|Any CPU
		Release|Any CPU = Release|Any CPU
	EndGlobalSection
	GlobalSection(ProjectConfigurationPlatforms) = postSolution
		{7A9E73AD-641E-41CE-B4AA-0DE85CE0E98A}.Debug|Any CPU.ActiveCfg = Debug|Any CPU
		{7A9E73AD-641E-41CE-B4AA-0DE85CE0E98A}.Debug|Any CPU.Build.0 = Debug|Any CPU
		{7A9E73AD-641E-41CE-B4AA-0DE85CE0E98A}.Release|Any CPU.ActiveCfg = Release|Any CPU
		{7A9E73AD-641E-41CE-B4AA-0DE85CE0E98A}.Release|Any CPU.Build.0 = Release|Any CPU
	EndGlobalSection
	GlobalSection(SolutionProperties) = preSolution
		HideSolutionNode = FALSE
	EndGlobalSection
	GlobalSection(ExtensibilityGlobals) = postSolution
		SolutionGuid = {BCE31A57-F8D9-4FB8-8449-19EBD74B4AAF}
	EndGlobalSection
EndGlobal
