
Microsoft Visual Studio Solution File, Format Version 12.00
# Visual Studio Version 17
VisualStudioVersion = 17.8.34408.163
MinimumVisualStudioVersion = 10.0.40219.1
Project("{FAE04EC0-301F-11D3-BF4B-00C04F79EFBC}") = "018_Colecciones_P3_Stack", "018_Colecciones_P3_Stack\018_Colecciones_P3_Stack.csproj", "{190FAD91-62A4-49DE-B41F-E7D3A563DA6F}"
EndProject
Global
	GlobalSection(SolutionConfigurationPlatforms) = preSolution
		Debug|Any CPU = Debug|Any CPU
		Release|Any CPU = Release|Any CPU
	EndGlobalSection
	GlobalSection(ProjectConfigurationPlatforms) = postSolution
		{190FAD91-62A4-49DE-B41F-E7D3A563DA6F}.Debug|Any CPU.ActiveCfg = Debug|Any CPU
		{190FAD91-62A4-49DE-B41F-E7D3A563DA6F}.Debug|Any CPU.Build.0 = Debug|Any CPU
		{190FAD91-62A4-49DE-B41F-E7D3A563DA6F}.Release|Any CPU.ActiveCfg = Release|Any CPU
		{190FAD91-62A4-49DE-B41F-E7D3A563DA6F}.Release|Any CPU.Build.0 = Release|Any CPU
	EndGlobalSection
	GlobalSection(SolutionProperties) = preSolution
		HideSolutionNode = FALSE
	EndGlobalSection
	GlobalSection(ExtensibilityGlobals) = postSolution
		SolutionGuid = {88F8C799-E57B-4659-A4FA-D05AA6913F24}
	EndGlobalSection
EndGlobal
